
Microsoft Visual Studio Solution File, Format Version 12.00
Project("{FAE04EC0-301F-11D3-BF4B-00C04F79EFBC}") = "SwaApp", "src\SwaApp\SwaApp.csproj", "{F92D6C04-8F17-436B-8271-EA56839C525D}"
EndProject
Project("{FAE04EC0-301F-11D3-BF4B-00C04F79EFBC}") = "SwaApi", "src\SwaApi\SwaApi.csproj", "{8826414E-721E-4BB3-9640-3C34EAB0ED8C}"
EndProject
Project("{FAE04EC0-301F-11D3-BF4B-00C04F79EFBC}") = "SwaApi.Tests", "src\SwaApi.Tests\SwaApi.Tests.csproj", "{8DB79D50-E6DA-4DDC-9018-D0E10BC5A450}"
EndProject
Global
	GlobalSection(SolutionConfigurationPlatforms) = preSolution
		Debug|Any CPU = Debug|Any CPU
		Release|Any CPU = Release|Any CPU
	EndGlobalSection
	GlobalSection(ProjectConfigurationPlatforms) = postSolution
		{F92D6C04-8F17-436B-8271-EA56839C525D}.Debug|Any CPU.ActiveCfg = Debug|Any CPU
		{F92D6C04-8F17-436B-8271-EA56839C525D}.Debug|Any CPU.Build.0 = Debug|Any CPU
		{F92D6C04-8F17-436B-8271-EA56839C525D}.Release|Any CPU.ActiveCfg = Release|Any CPU
		{F92D6C04-8F17-436B-8271-EA56839C525D}.Release|Any CPU.Build.0 = Release|Any CPU
		{8826414E-721E-4BB3-9640-3C34EAB0ED8C}.Debug|Any CPU.ActiveCfg = Debug|Any CPU
		{8826414E-721E-4BB3-9640-3C34EAB0ED8C}.Debug|Any CPU.Build.0 = Debug|Any CPU
		{8826414E-721E-4BB3-9640-3C34EAB0ED8C}.Release|Any CPU.ActiveCfg = Release|Any CPU
		{8826414E-721E-4BB3-9640-3C34EAB0ED8C}.Release|Any CPU.Build.0 = Release|Any CPU
		{8DB79D50-E6DA-4DDC-9018-D0E10BC5A450}.Debug|Any CPU.ActiveCfg = Debug|Any CPU
		{8DB79D50-E6DA-4DDC-9018-D0E10BC5A450}.Debug|Any CPU.Build.0 = Debug|Any CPU
		{8DB79D50-E6DA-4DDC-9018-D0E10BC5A450}.Release|Any CPU.ActiveCfg = Release|Any CPU
		{8DB79D50-E6DA-4DDC-9018-D0E10BC5A450}.Release|Any CPU.Build.0 = Release|Any CPU
	EndGlobalSection
EndGlobal
